
Microsoft Visual Studio Solution File, Format Version 11.00
# Visual Studio 2010
Project("{FAE04EC0-301F-11D3-BF4B-00C04F79EFBC}") = "AstarPathfindingProject", "AstarPathfindingProject.csproj", "{a51bf19c-f6e7-357f-d699-0f4ff1f0e3ee}"
EndProject
Project("{FAE04EC0-301F-11D3-BF4B-00C04F79EFBC}") = "Assembly-CSharp", "Assembly-CSharp.csproj", "{9501dc7f-2988-a942-8c84-02fd88d3539a}"
EndProject
Project("{FAE04EC0-301F-11D3-BF4B-00C04F79EFBC}") = "PackageToolsEditor", "PackageToolsEditor.csproj", "{47110eab-bcd8-8fde-bbff-4a9e64073303}"
EndProject
Project("{FAE04EC0-301F-11D3-BF4B-00C04F79EFBC}") = "AstarPathfindingProjectEditor", "AstarPathfindingProjectEditor.csproj", "{da02b6a1-3a34-80c6-0b6d-016d03e40194}"
EndProject
Global
	GlobalSection(SolutionConfigurationPlatforms) = preSolution
		Debug|Any CPU = Debug|Any CPU
	EndGlobalSection
	GlobalSection(ProjectConfigurationPlatforms) = postSolution
		{a51bf19c-f6e7-357f-d699-0f4ff1f0e3ee}.Debug|Any CPU.ActiveCfg = Debug|Any CPU
		{a51bf19c-f6e7-357f-d699-0f4ff1f0e3ee}.Debug|Any CPU.Build.0 = Debug|Any CPU
		{9501dc7f-2988-a942-8c84-02fd88d3539a}.Debug|Any CPU.ActiveCfg = Debug|Any CPU
		{9501dc7f-2988-a942-8c84-02fd88d3539a}.Debug|Any CPU.Build.0 = Debug|Any CPU
		{47110eab-bcd8-8fde-bbff-4a9e64073303}.Debug|Any CPU.ActiveCfg = Debug|Any CPU
		{47110eab-bcd8-8fde-bbff-4a9e64073303}.Debug|Any CPU.Build.0 = Debug|Any CPU
		{da02b6a1-3a34-80c6-0b6d-016d03e40194}.Debug|Any CPU.ActiveCfg = Debug|Any CPU
		{da02b6a1-3a34-80c6-0b6d-016d03e40194}.Debug|Any CPU.Build.0 = Debug|Any CPU
	EndGlobalSection
	GlobalSection(SolutionProperties) = preSolution
		HideSolutionNode = FALSE
	EndGlobalSection
EndGlobal
